
Microsoft Visual Studio Solution File, Format Version 12.00
# Visual Studio Version 16
VisualStudioVersion = 16.0.29424.173
MinimumVisualStudioVersion = 10.0.40219.1
Project("{9A19103F-16F7-4668-BE54-9A1E7A4F7556}") = "ImaZipCoreProto01", "ImaZipCoreProto01\ImaZipCoreProto01.csproj", "{826E575C-28B7-4D90-B21C-CDE7803763DC}"
	ProjectSection(ProjectDependencies) = postProject
		{0CAB0A2D-21BD-45D5-865B-9F19B3F34D25} = {0CAB0A2D-21BD-45D5-865B-9F19B3F34D25}
	EndProjectSection
EndProject
Project("{9A19103F-16F7-4668-BE54-9A1E7A4F7556}") = "HalationGhostWpfViewModels", "HalationGhostWpfViewModels\HalationGhostWpfViewModels.csproj", "{1D4C59CB-863A-4600-822B-41B7EB1DA1C4}"
EndProject
Project("{9A19103F-16F7-4668-BE54-9A1E7A4F7556}") = "ImaZipSettingPanels", "ImaZipSettingPanels\ImaZipSettingPanels.csproj", "{808D027C-4884-4208-A2A9-10EB4004D31B}"
EndProject
Project("{9A19103F-16F7-4668-BE54-9A1E7A4F7556}") = "HalationGhostUtilities", "HalationGhostUtilities\HalationGhostUtilities.csproj", "{C56403B9-7B5E-49EA-88EB-0505105AA05A}"
EndProject
Project("{9A19103F-16F7-4668-BE54-9A1E7A4F7556}") = "ImaZipCoreProto01Work", "ImaZipCoreProto01Work\ImaZipCoreProto01Work.csproj", "{EC876E89-8831-4B10-B252-CB496A562505}"
EndProject
Project("{9A19103F-16F7-4668-BE54-9A1E7A4F7556}") = "ImaZipCoreProto01Settings", "ImaZipCoreProto01Settings\ImaZipCoreProto01Settings.csproj", "{06C23387-9DC4-4B42-BAD5-646201C2732E}"
EndProject
Project("{9A19103F-16F7-4668-BE54-9A1E7A4F7556}") = "HalationGhostCommonDialogService", "HalationGhostCommonDialogService\HalationGhostCommonDialogService.csproj", "{972C7301-ADAC-4A4E-98B0-81E8D0A43BB7}"
EndProject
Project("{9A19103F-16F7-4668-BE54-9A1E7A4F7556}") = "HalationGhostCommonDialogInnerServiceFactory", "HalationGhostCommonDialogInnerServiceFactory\HalationGhostCommonDialogInnerServiceFactory.csproj", "{7796259D-54B3-4918-BBDF-25C533BECC47}"
EndProject
Project("{9A19103F-16F7-4668-BE54-9A1E7A4F7556}") = "HalationGhostWinApiCommonDialogInnerService", "HalationGhostWinApiCommonDialogInnerService\HalationGhostWinApiCommonDialogInnerService.csproj", "{0FD6DA37-1BF9-4075-B842-2F5E82FE6E2D}"
EndProject
Project("{9A19103F-16F7-4668-BE54-9A1E7A4F7556}") = "ImaZipCoreProto01Agents", "ImaZipCoreProto01Agents\ImaZipCoreProto01Agents.csproj", "{8BC19E44-D4EA-46DD-A4DC-8B6F31F38DF3}"
EndProject
Project("{9A19103F-16F7-4668-BE54-9A1E7A4F7556}") = "ImaZipCoreProto01Models", "ImaZipCoreProto01Models\ImaZipCoreProto01Models.csproj", "{5206CC8A-9A09-4236-A0A1-919962A1375E}"
EndProject
Project("{9A19103F-16F7-4668-BE54-9A1E7A4F7556}") = "HalationGhostMessageBoxService", "HalationGhostMessageBoxService\HalationGhostMessageBoxService.csproj", "{A2FD6139-A3EF-4A51-9983-59C24BD7CE1E}"
EndProject
Project("{9A19103F-16F7-4668-BE54-9A1E7A4F7556}") = "HalationGhostPrismDialogExtensions", "HalationGhostPrismDialogExtensions\HalationGhostPrismDialogExtensions.csproj", "{708E2940-A779-4C6B-8F0B-04EE78D9457E}"
EndProject
Project("{9A19103F-16F7-4668-BE54-9A1E7A4F7556}") = "ImaZipCreatoreProto01", "ImaZipCreatoreProto01\ImaZipCreatoreProto01.csproj", "{C99B26EF-00D8-462A-9AFA-81CE4383655E}"
EndProject
Project("{9A19103F-16F7-4668-BE54-9A1E7A4F7556}") = "ImaZipCoreProto01DataAccesses", "ImaZipCoreProto01DataAccesses\ImaZipCoreProto01DataAccesses.csproj", "{22B7C3C7-A2FA-43F2-BBEA-441FE190609F}"
EndProject
Project("{9A19103F-16F7-4668-BE54-9A1E7A4F7556}") = "HalationGhostDataAccessBase", "HalationGhostDataAccessBase\HalationGhostDataAccessBase.csproj", "{7E740F98-8651-4F7F-91EA-6395078B2B4C}"
EndProject
Project("{9A19103F-16F7-4668-BE54-9A1E7A4F7556}") = "HalationGhostDbAccessFactory", "HalationGhostDbAccessFactory\HalationGhostDbAccessFactory.csproj", "{7E267AF7-6FEE-47FF-B86E-C431053FE705}"
EndProject
Project("{9A19103F-16F7-4668-BE54-9A1E7A4F7556}") = "HalationGhostSqliteDataAccess", "HalationGhostSqliteDataAccess\HalationGhostSqliteDataAccess.csproj", "{D3CAB2B1-A9B3-4252-9343-0162DD416931}"
EndProject
Project("{9A19103F-16F7-4668-BE54-9A1E7A4F7556}") = "HalationGhostDbAccessHelper", "HalationGhostDbAccessHelper\HalationGhostDbAccessHelper.csproj", "{150BDDAF-5958-4D6D-999C-CD7AD526E8CA}"
EndProject
Project("{9A19103F-16F7-4668-BE54-9A1E7A4F7556}") = "HalationGhostModelBase", "HalationGhostModelBase\HalationGhostModelBase.csproj", "{D71A3176-0B95-49E6-BF3D-74A7D5F25BEF}"
EndProject
Project("{9A19103F-16F7-4668-BE54-9A1E7A4F7556}") = "ZipBookCreator", "ZipBookCreator\ZipBookCreator.csproj", "{0CAB0A2D-21BD-45D5-865B-9F19B3F34D25}"
EndProject
Project("{9A19103F-16F7-4668-BE54-9A1E7A4F7556}") = "ZipBookCreatorAgents", "ZipBookCreatorAgents\ZipBookCreatorAgents.csproj", "{BE965F9D-2EBF-4D0D-A5DF-A0508A45F3E9}"
EndProject
Project("{9A19103F-16F7-4668-BE54-9A1E7A4F7556}") = "HalationGhostImageLib", "HalationGhostImageLib\HalationGhostImageLib.csproj", "{AA624D28-84A7-4868-BD95-152E34C8226B}"
EndProject
Project("{9A19103F-16F7-4668-BE54-9A1E7A4F7556}") = "ZipBookCreatorAgentsTpl", "ZipBookCreatorAgentsTpl\ZipBookCreatorAgentsTpl.csproj", "{4C2A5F38-0B06-493E-8EEC-E1A2EC0CB634}"
EndProject
Project("{9A19103F-16F7-4668-BE54-9A1E7A4F7556}") = "DapperSample", "DapperSample\DapperSample.csproj", "{E72B3F5D-B69D-4BF3-A39A-8C24F0F8C167}"
EndProject
Project("{9A19103F-16F7-4668-BE54-9A1E7A4F7556}") = "HalationGhostWin32Api", "HalationGhostWin32Api\HalationGhostWin32Api.csproj", "{AD68230F-74D6-45EC-B9BE-AA490E1B3235}"
EndProject
Project("{2150E333-8FDC-42A3-9474-1A3956D46DE8}") = "DapperSamples", "DapperSamples", "{C831DC65-E687-4F0E-9927-6E7917655452}"
EndProject
Project("{2150E333-8FDC-42A3-9474-1A3956D46DE8}") = "HalationGhosts", "HalationGhosts", "{1A2E98EB-B30F-4D9F-9485-0296F9D48F0B}"
EndProject
Project("{9A19103F-16F7-4668-BE54-9A1E7A4F7556}") = "DapperSampleDataAccess", "DapperSampleDataAccess\DapperSampleDataAccess.csproj", "{BD2D11BA-B546-4950-A51B-A08B1C9C1195}"
EndProject
Project("{9A19103F-16F7-4668-BE54-9A1E7A4F7556}") = "DapperSampleApplicationLayer", "DapperSampleApplicationLayer\DapperSampleApplicationLayer.csproj", "{10E44AF1-9A1E-44FB-93D0-2D271F15E13B}"
EndProject
Project("{FAE04EC0-301F-11D3-BF4B-00C04F79EFBC}") = "DapperSampleEntities", "DapperSampleEntities\DapperSampleEntities.csproj", "{E83B5E69-2204-4829-B80E-4373DE5335A8}"
EndProject
Global
	GlobalSection(SolutionConfigurationPlatforms) = preSolution
		Debug|Any CPU = Debug|Any CPU
		Release|Any CPU = Release|Any CPU
	EndGlobalSection
	GlobalSection(ProjectConfigurationPlatforms) = postSolution
		{826E575C-28B7-4D90-B21C-CDE7803763DC}.Debug|Any CPU.ActiveCfg = Debug|Any CPU
		{826E575C-28B7-4D90-B21C-CDE7803763DC}.Debug|Any CPU.Build.0 = Debug|Any CPU
		{826E575C-28B7-4D90-B21C-CDE7803763DC}.Release|Any CPU.ActiveCfg = Release|Any CPU
		{826E575C-28B7-4D90-B21C-CDE7803763DC}.Release|Any CPU.Build.0 = Release|Any CPU
		{1D4C59CB-863A-4600-822B-41B7EB1DA1C4}.Debug|Any CPU.ActiveCfg = Debug|Any CPU
		{1D4C59CB-863A-4600-822B-41B7EB1DA1C4}.Debug|Any CPU.Build.0 = Debug|Any CPU
		{1D4C59CB-863A-4600-822B-41B7EB1DA1C4}.Release|Any CPU.ActiveCfg = Release|Any CPU
		{1D4C59CB-863A-4600-822B-41B7EB1DA1C4}.Release|Any CPU.Build.0 = Release|Any CPU
		{808D027C-4884-4208-A2A9-10EB4004D31B}.Debug|Any CPU.ActiveCfg = Debug|Any CPU
		{808D027C-4884-4208-A2A9-10EB4004D31B}.Debug|Any CPU.Build.0 = Debug|Any CPU
		{808D027C-4884-4208-A2A9-10EB4004D31B}.Release|Any CPU.ActiveCfg = Release|Any CPU
		{808D027C-4884-4208-A2A9-10EB4004D31B}.Release|Any CPU.Build.0 = Release|Any CPU
		{C56403B9-7B5E-49EA-88EB-0505105AA05A}.Debug|Any CPU.ActiveCfg = Debug|Any CPU
		{C56403B9-7B5E-49EA-88EB-0505105AA05A}.Debug|Any CPU.Build.0 = Debug|Any CPU
		{C56403B9-7B5E-49EA-88EB-0505105AA05A}.Release|Any CPU.ActiveCfg = Release|Any CPU
		{C56403B9-7B5E-49EA-88EB-0505105AA05A}.Release|Any CPU.Build.0 = Release|Any CPU
		{EC876E89-8831-4B10-B252-CB496A562505}.Debug|Any CPU.ActiveCfg = Debug|Any CPU
		{EC876E89-8831-4B10-B252-CB496A562505}.Debug|Any CPU.Build.0 = Debug|Any CPU
		{EC876E89-8831-4B10-B252-CB496A562505}.Release|Any CPU.ActiveCfg = Release|Any CPU
		{EC876E89-8831-4B10-B252-CB496A562505}.Release|Any CPU.Build.0 = Release|Any CPU
		{06C23387-9DC4-4B42-BAD5-646201C2732E}.Debug|Any CPU.ActiveCfg = Debug|Any CPU
		{06C23387-9DC4-4B42-BAD5-646201C2732E}.Debug|Any CPU.Build.0 = Debug|Any CPU
		{06C23387-9DC4-4B42-BAD5-646201C2732E}.Release|Any CPU.ActiveCfg = Release|Any CPU
		{06C23387-9DC4-4B42-BAD5-646201C2732E}.Release|Any CPU.Build.0 = Release|Any CPU
		{972C7301-ADAC-4A4E-98B0-81E8D0A43BB7}.Debug|Any CPU.ActiveCfg = Debug|Any CPU
		{972C7301-ADAC-4A4E-98B0-81E8D0A43BB7}.Debug|Any CPU.Build.0 = Debug|Any CPU
		{972C7301-ADAC-4A4E-98B0-81E8D0A43BB7}.Release|Any CPU.ActiveCfg = Release|Any CPU
		{972C7301-ADAC-4A4E-98B0-81E8D0A43BB7}.Release|Any CPU.Build.0 = Release|Any CPU
		{7796259D-54B3-4918-BBDF-25C533BECC47}.Debug|Any CPU.ActiveCfg = Debug|Any CPU
		{7796259D-54B3-4918-BBDF-25C533BECC47}.Debug|Any CPU.Build.0 = Debug|Any CPU
		{7796259D-54B3-4918-BBDF-25C533BECC47}.Release|Any CPU.ActiveCfg = Release|Any CPU
		{7796259D-54B3-4918-BBDF-25C533BECC47}.Release|Any CPU.Build.0 = Release|Any CPU
		{0FD6DA37-1BF9-4075-B842-2F5E82FE6E2D}.Debug|Any CPU.ActiveCfg = Debug|Any CPU
		{0FD6DA37-1BF9-4075-B842-2F5E82FE6E2D}.Debug|Any CPU.Build.0 = Debug|Any CPU
		{0FD6DA37-1BF9-4075-B842-2F5E82FE6E2D}.Release|Any CPU.ActiveCfg = Release|Any CPU
		{0FD6DA37-1BF9-4075-B842-2F5E82FE6E2D}.Release|Any CPU.Build.0 = Release|Any CPU
		{8BC19E44-D4EA-46DD-A4DC-8B6F31F38DF3}.Debug|Any CPU.ActiveCfg = Debug|Any CPU
		{8BC19E44-D4EA-46DD-A4DC-8B6F31F38DF3}.Debug|Any CPU.Build.0 = Debug|Any CPU
		{8BC19E44-D4EA-46DD-A4DC-8B6F31F38DF3}.Release|Any CPU.ActiveCfg = Release|Any CPU
		{8BC19E44-D4EA-46DD-A4DC-8B6F31F38DF3}.Release|Any CPU.Build.0 = Release|Any CPU
		{5206CC8A-9A09-4236-A0A1-919962A1375E}.Debug|Any CPU.ActiveCfg = Debug|Any CPU
		{5206CC8A-9A09-4236-A0A1-919962A1375E}.Debug|Any CPU.Build.0 = Debug|Any CPU
		{5206CC8A-9A09-4236-A0A1-919962A1375E}.Release|Any CPU.ActiveCfg = Release|Any CPU
		{5206CC8A-9A09-4236-A0A1-919962A1375E}.Release|Any CPU.Build.0 = Release|Any CPU
		{A2FD6139-A3EF-4A51-9983-59C24BD7CE1E}.Debug|Any CPU.ActiveCfg = Debug|Any CPU
		{A2FD6139-A3EF-4A51-9983-59C24BD7CE1E}.Debug|Any CPU.Build.0 = Debug|Any CPU
		{A2FD6139-A3EF-4A51-9983-59C24BD7CE1E}.Release|Any CPU.ActiveCfg = Release|Any CPU
		{A2FD6139-A3EF-4A51-9983-59C24BD7CE1E}.Release|Any CPU.Build.0 = Release|Any CPU
		{708E2940-A779-4C6B-8F0B-04EE78D9457E}.Debug|Any CPU.ActiveCfg = Debug|Any CPU
		{708E2940-A779-4C6B-8F0B-04EE78D9457E}.Debug|Any CPU.Build.0 = Debug|Any CPU
		{708E2940-A779-4C6B-8F0B-04EE78D9457E}.Release|Any CPU.ActiveCfg = Release|Any CPU
		{708E2940-A779-4C6B-8F0B-04EE78D9457E}.Release|Any CPU.Build.0 = Release|Any CPU
		{C99B26EF-00D8-462A-9AFA-81CE4383655E}.Debug|Any CPU.ActiveCfg = Debug|Any CPU
		{C99B26EF-00D8-462A-9AFA-81CE4383655E}.Debug|Any CPU.Build.0 = Debug|Any CPU
		{C99B26EF-00D8-462A-9AFA-81CE4383655E}.Release|Any CPU.ActiveCfg = Release|Any CPU
		{C99B26EF-00D8-462A-9AFA-81CE4383655E}.Release|Any CPU.Build.0 = Release|Any CPU
		{22B7C3C7-A2FA-43F2-BBEA-441FE190609F}.Debug|Any CPU.ActiveCfg = Debug|Any CPU
		{22B7C3C7-A2FA-43F2-BBEA-441FE190609F}.Debug|Any CPU.Build.0 = Debug|Any CPU
		{22B7C3C7-A2FA-43F2-BBEA-441FE190609F}.Release|Any CPU.ActiveCfg = Release|Any CPU
		{22B7C3C7-A2FA-43F2-BBEA-441FE190609F}.Release|Any CPU.Build.0 = Release|Any CPU
		{7E740F98-8651-4F7F-91EA-6395078B2B4C}.Debug|Any CPU.ActiveCfg = Debug|Any CPU
		{7E740F98-8651-4F7F-91EA-6395078B2B4C}.Debug|Any CPU.Build.0 = Debug|Any CPU
		{7E740F98-8651-4F7F-91EA-6395078B2B4C}.Release|Any CPU.ActiveCfg = Release|Any CPU
		{7E740F98-8651-4F7F-91EA-6395078B2B4C}.Release|Any CPU.Build.0 = Release|Any CPU
		{7E267AF7-6FEE-47FF-B86E-C431053FE705}.Debug|Any CPU.ActiveCfg = Debug|Any CPU
		{7E267AF7-6FEE-47FF-B86E-C431053FE705}.Debug|Any CPU.Build.0 = Debug|Any CPU
		{7E267AF7-6FEE-47FF-B86E-C431053FE705}.Release|Any CPU.ActiveCfg = Release|Any CPU
		{7E267AF7-6FEE-47FF-B86E-C431053FE705}.Release|Any CPU.Build.0 = Release|Any CPU
		{D3CAB2B1-A9B3-4252-9343-0162DD416931}.Debug|Any CPU.ActiveCfg = Debug|Any CPU
		{D3CAB2B1-A9B3-4252-9343-0162DD416931}.Debug|Any CPU.Build.0 = Debug|Any CPU
		{D3CAB2B1-A9B3-4252-9343-0162DD416931}.Release|Any CPU.ActiveCfg = Release|Any CPU
		{D3CAB2B1-A9B3-4252-9343-0162DD416931}.Release|Any CPU.Build.0 = Release|Any CPU
		{150BDDAF-5958-4D6D-999C-CD7AD526E8CA}.Debug|Any CPU.ActiveCfg = Debug|Any CPU
		{150BDDAF-5958-4D6D-999C-CD7AD526E8CA}.Debug|Any CPU.Build.0 = Debug|Any CPU
		{150BDDAF-5958-4D6D-999C-CD7AD526E8CA}.Release|Any CPU.ActiveCfg = Release|Any CPU
		{150BDDAF-5958-4D6D-999C-CD7AD526E8CA}.Release|Any CPU.Build.0 = Release|Any CPU
		{D71A3176-0B95-49E6-BF3D-74A7D5F25BEF}.Debug|Any CPU.ActiveCfg = Debug|Any CPU
		{D71A3176-0B95-49E6-BF3D-74A7D5F25BEF}.Debug|Any CPU.Build.0 = Debug|Any CPU
		{D71A3176-0B95-49E6-BF3D-74A7D5F25BEF}.Release|Any CPU.ActiveCfg = Release|Any CPU
		{D71A3176-0B95-49E6-BF3D-74A7D5F25BEF}.Release|Any CPU.Build.0 = Release|Any CPU
		{0CAB0A2D-21BD-45D5-865B-9F19B3F34D25}.Debug|Any CPU.ActiveCfg = Debug|Any CPU
		{0CAB0A2D-21BD-45D5-865B-9F19B3F34D25}.Debug|Any CPU.Build.0 = Debug|Any CPU
		{0CAB0A2D-21BD-45D5-865B-9F19B3F34D25}.Release|Any CPU.ActiveCfg = Release|Any CPU
		{0CAB0A2D-21BD-45D5-865B-9F19B3F34D25}.Release|Any CPU.Build.0 = Release|Any CPU
		{BE965F9D-2EBF-4D0D-A5DF-A0508A45F3E9}.Debug|Any CPU.ActiveCfg = Debug|Any CPU
		{BE965F9D-2EBF-4D0D-A5DF-A0508A45F3E9}.Debug|Any CPU.Build.0 = Debug|Any CPU
		{BE965F9D-2EBF-4D0D-A5DF-A0508A45F3E9}.Release|Any CPU.ActiveCfg = Release|Any CPU
		{BE965F9D-2EBF-4D0D-A5DF-A0508A45F3E9}.Release|Any CPU.Build.0 = Release|Any CPU
		{AA624D28-84A7-4868-BD95-152E34C8226B}.Debug|Any CPU.ActiveCfg = Debug|Any CPU
		{AA624D28-84A7-4868-BD95-152E34C8226B}.Debug|Any CPU.Build.0 = Debug|Any CPU
		{AA624D28-84A7-4868-BD95-152E34C8226B}.Release|Any CPU.ActiveCfg = Release|Any CPU
		{AA624D28-84A7-4868-BD95-152E34C8226B}.Release|Any CPU.Build.0 = Release|Any CPU
		{4C2A5F38-0B06-493E-8EEC-E1A2EC0CB634}.Debug|Any CPU.ActiveCfg = Debug|Any CPU
		{4C2A5F38-0B06-493E-8EEC-E1A2EC0CB634}.Debug|Any CPU.Build.0 = Debug|Any CPU
		{4C2A5F38-0B06-493E-8EEC-E1A2EC0CB634}.Release|Any CPU.ActiveCfg = Release|Any CPU
		{4C2A5F38-0B06-493E-8EEC-E1A2EC0CB634}.Release|Any CPU.Build.0 = Release|Any CPU
		{E72B3F5D-B69D-4BF3-A39A-8C24F0F8C167}.Debug|Any CPU.ActiveCfg = Debug|Any CPU
		{E72B3F5D-B69D-4BF3-A39A-8C24F0F8C167}.Debug|Any CPU.Build.0 = Debug|Any CPU
		{E72B3F5D-B69D-4BF3-A39A-8C24F0F8C167}.Release|Any CPU.ActiveCfg = Release|Any CPU
		{E72B3F5D-B69D-4BF3-A39A-8C24F0F8C167}.Release|Any CPU.Build.0 = Release|Any CPU
		{AD68230F-74D6-45EC-B9BE-AA490E1B3235}.Debug|Any CPU.ActiveCfg = Debug|Any CPU
		{AD68230F-74D6-45EC-B9BE-AA490E1B3235}.Debug|Any CPU.Build.0 = Debug|Any CPU
		{AD68230F-74D6-45EC-B9BE-AA490E1B3235}.Release|Any CPU.ActiveCfg = Release|Any CPU
		{AD68230F-74D6-45EC-B9BE-AA490E1B3235}.Release|Any CPU.Build.0 = Release|Any CPU
		{BD2D11BA-B546-4950-A51B-A08B1C9C1195}.Debug|Any CPU.ActiveCfg = Debug|Any CPU
		{BD2D11BA-B546-4950-A51B-A08B1C9C1195}.Debug|Any CPU.Build.0 = Debug|Any CPU
		{BD2D11BA-B546-4950-A51B-A08B1C9C1195}.Release|Any CPU.ActiveCfg = Release|Any CPU
		{BD2D11BA-B546-4950-A51B-A08B1C9C1195}.Release|Any CPU.Build.0 = Release|Any CPU
		{10E44AF1-9A1E-44FB-93D0-2D271F15E13B}.Debug|Any CPU.ActiveCfg = Debug|Any CPU
		{10E44AF1-9A1E-44FB-93D0-2D271F15E13B}.Debug|Any CPU.Build.0 = Debug|Any CPU
		{10E44AF1-9A1E-44FB-93D0-2D271F15E13B}.Release|Any CPU.ActiveCfg = Release|Any CPU
		{10E44AF1-9A1E-44FB-93D0-2D271F15E13B}.Release|Any CPU.Build.0 = Release|Any CPU
		{E83B5E69-2204-4829-B80E-4373DE5335A8}.Debug|Any CPU.ActiveCfg = Debug|Any CPU
		{E83B5E69-2204-4829-B80E-4373DE5335A8}.Debug|Any CPU.Build.0 = Debug|Any CPU
		{E83B5E69-2204-4829-B80E-4373DE5335A8}.Release|Any CPU.ActiveCfg = Release|Any CPU
		{E83B5E69-2204-4829-B80E-4373DE5335A8}.Release|Any CPU.Build.0 = Release|Any CPU
	EndGlobalSection
	GlobalSection(SolutionProperties) = preSolution
		HideSolutionNode = FALSE
	EndGlobalSection
	GlobalSection(NestedProjects) = preSolution
		{1D4C59CB-863A-4600-822B-41B7EB1DA1C4} = {1A2E98EB-B30F-4D9F-9485-0296F9D48F0B}
		{C56403B9-7B5E-49EA-88EB-0505105AA05A} = {1A2E98EB-B30F-4D9F-9485-0296F9D48F0B}
		{972C7301-ADAC-4A4E-98B0-81E8D0A43BB7} = {1A2E98EB-B30F-4D9F-9485-0296F9D48F0B}
		{7796259D-54B3-4918-BBDF-25C533BECC47} = {1A2E98EB-B30F-4D9F-9485-0296F9D48F0B}
		{0FD6DA37-1BF9-4075-B842-2F5E82FE6E2D} = {1A2E98EB-B30F-4D9F-9485-0296F9D48F0B}
		{A2FD6139-A3EF-4A51-9983-59C24BD7CE1E} = {1A2E98EB-B30F-4D9F-9485-0296F9D48F0B}
		{708E2940-A779-4C6B-8F0B-04EE78D9457E} = {1A2E98EB-B30F-4D9F-9485-0296F9D48F0B}
		{7E740F98-8651-4F7F-91EA-6395078B2B4C} = {1A2E98EB-B30F-4D9F-9485-0296F9D48F0B}
		{7E267AF7-6FEE-47FF-B86E-C431053FE705} = {1A2E98EB-B30F-4D9F-9485-0296F9D48F0B}
		{D3CAB2B1-A9B3-4252-9343-0162DD416931} = {1A2E98EB-B30F-4D9F-9485-0296F9D48F0B}
		{150BDDAF-5958-4D6D-999C-CD7AD526E8CA} = {1A2E98EB-B30F-4D9F-9485-0296F9D48F0B}
		{D71A3176-0B95-49E6-BF3D-74A7D5F25BEF} = {1A2E98EB-B30F-4D9F-9485-0296F9D48F0B}
		{AA624D28-84A7-4868-BD95-152E34C8226B} = {1A2E98EB-B30F-4D9F-9485-0296F9D48F0B}
		{E72B3F5D-B69D-4BF3-A39A-8C24F0F8C167} = {C831DC65-E687-4F0E-9927-6E7917655452}
		{AD68230F-74D6-45EC-B9BE-AA490E1B3235} = {1A2E98EB-B30F-4D9F-9485-0296F9D48F0B}
		{BD2D11BA-B546-4950-A51B-A08B1C9C1195} = {C831DC65-E687-4F0E-9927-6E7917655452}
		{10E44AF1-9A1E-44FB-93D0-2D271F15E13B} = {C831DC65-E687-4F0E-9927-6E7917655452}
		{E83B5E69-2204-4829-B80E-4373DE5335A8} = {C831DC65-E687-4F0E-9927-6E7917655452}
	EndGlobalSection
	GlobalSection(ExtensibilityGlobals) = postSolution
		SolutionGuid = {E74BD362-F38C-4DE5-8CEE-EBAA996110E9}
	EndGlobalSection
EndGlobal
